# generated by rye
# use `rye lock` or `rye sync` to update this lockfile
#
# last locked with the following flags:
#   pre: false
#   features: []
#   all-features: false
#   with-sources: false
#   generate-hashes: false

-e file:.
certifi==2024.6.2
    # via requests
charset-normalizer==3.3.2
    # via requests
cmake==3.29.6
    # via triton
coloredlogs==15.0.1
    # via onnxruntime
contourpy==1.2.1
    # via matplotlib
cycler==0.12.1
    # via matplotlib
filelock==3.15.4
    # via torch
    # via triton
flatbuffers==24.3.25
    # via onnxruntime
fonttools==4.53.0
    # via matplotlib
humanfriendly==10.0
    # via coloredlogs
idna==3.7
    # via requests
jinja2==3.1.4
    # via torch
kiwisolver==1.4.5
    # via matplotlib
lit==18.1.8
    # via triton
markupsafe==2.1.5
    # via jinja2
matplotlib==3.9.0
    # via pycocotools
mpmath==1.3.0
    # via sympy
networkx==3.3
    # via torch
numpy==1.26.4
    # via contourpy
    # via matplotlib
    # via onnx
    # via onnxruntime
    # via pycocotools
    # via rtdetr-pytorch
    # via scipy
    # via torchvision
nvidia-cublas-cu11==11.10.3.66
    # via nvidia-cudnn-cu11
    # via nvidia-cusolver-cu11
    # via torch
nvidia-cuda-cupti-cu11==11.7.101
    # via torch
nvidia-cuda-nvrtc-cu11==11.7.99
    # via torch
nvidia-cuda-runtime-cu11==11.7.99
    # via torch
nvidia-cudnn-cu11==8.5.0.96
    # via torch
nvidia-cufft-cu11==10.9.0.58
    # via torch
nvidia-curand-cu11==10.2.10.91
    # via torch
nvidia-cusolver-cu11==11.4.0.1
    # via torch
nvidia-cusparse-cu11==11.7.4.91
    # via torch
nvidia-nccl-cu11==2.14.3
    # via torch
nvidia-nvtx-cu11==11.7.91
    # via torch
onnx==1.14.0
    # via rtdetr-pytorch
onnxruntime==1.15.1
    # via rtdetr-pytorch
packaging==24.1
    # via matplotlib
    # via onnxruntime
pillow==10.4.0
    # via matplotlib
    # via torchvision
protobuf==5.27.2
    # via onnx
    # via onnxruntime
pycocotools==2.0.8
    # via rtdetr-pytorch
pyparsing==3.1.2
    # via matplotlib
python-dateutil==2.9.0.post0
    # via matplotlib
pyyaml==6.0.1
    # via rtdetr-pytorch
requests==2.32.3
    # via torchvision
scipy==1.14.0
    # via rtdetr-pytorch
setuptools==70.2.0
    # via nvidia-cublas-cu11
    # via nvidia-cuda-cupti-cu11
    # via nvidia-cuda-runtime-cu11
    # via nvidia-curand-cu11
    # via nvidia-cusparse-cu11
    # via nvidia-nvtx-cu11
six==1.16.0
    # via python-dateutil
sympy==1.12.1
    # via onnxruntime
    # via torch
torch==2.0.1
    # via rtdetr-pytorch
    # via torchvision
    # via triton
torchvision==0.15.2
    # via rtdetr-pytorch
triton==2.0.0
    # via torch
typing-extensions==4.12.2
    # via onnx
    # via torch
urllib3==2.2.2
    # via requests
wheel==0.43.0
    # via nvidia-cublas-cu11
    # via nvidia-cuda-cupti-cu11
    # via nvidia-cuda-runtime-cu11
    # via nvidia-curand-cu11
    # via nvidia-cusparse-cu11
    # via nvidia-nvtx-cu11
